// !$*UTF8*$!
{
	archiveVersion = 1;
	classes = {
	};
	objectVersion = 46;
	objects = {

/* Begin PBXBuildFile section */
		B4A28F2B1DDAD28D009248B3 /* main.m in Sources */ = {isa = PBXBuildFile; fileRef = B4A28F2A1DDAD28D009248B3 /* main.m */; };
		B4A28F2E1DDAD28D009248B3 /* AppDelegate.m in Sources */ = {isa = PBXBuildFile; fileRef = B4A28F2D1DDAD28D009248B3 /* AppDelegate.m */; };
		B4A28F341DDAD28D009248B3 /* Main.storyboard in Resources */ = {isa = PBXBuildFile; fileRef = B4A28F321DDAD28D009248B3 /* Main.storyboard */; };
		B4A28F361DDAD28D009248B3 /* Assets.xcassets in Resources */ = {isa = PBXBuildFile; fileRef = B4A28F351DDAD28D009248B3 /* Assets.xcassets */; };
		B4A28F391DDAD28D009248B3 /* LaunchScreen.storyboard in Resources */ = {isa = PBXBuildFile; fileRef = B4A28F371DDAD28D009248B3 /* LaunchScreen.storyboard */; };
		B4A28F441DDAD28D009248B3 /* InterceptorDemoTests.m in Sources */ = {isa = PBXBuildFile; fileRef = B4A28F431DDAD28D009248B3 /* InterceptorDemoTests.m */; };
		B4A28F4F1DDAD28D009248B3 /* InterceptorDemoUITests.m in Sources */ = {isa = PBXBuildFile; fileRef = B4A28F4E1DDAD28D009248B3 /* InterceptorDemoUITests.m */; };
		B4A28F671DDAEB41009248B3 /* OtherViewController.m in Sources */ = {isa = PBXBuildFile; fileRef = B4A28F661DDAEB41009248B3 /* OtherViewController.m */; };
		B4A28F6B1DDAEFA6009248B3 /* FirstViewController.m in Sources */ = {isa = PBXBuildFile; fileRef = B4A28F691DDAEFA6009248B3 /* FirstViewController.m */; };
		B4A28F6C1DDAEFA6009248B3 /* FirstViewController.xib in Resources */ = {isa = PBXBuildFile; fileRef = B4A28F6A1DDAEFA6009248B3 /* FirstViewController.xib */; };
		B4A28F721DDAF105009248B3 /* UIViewController+Addition.m in Sources */ = {isa = PBXBuildFile; fileRef = B4A28F6F1DDAF105009248B3 /* UIViewController+Addition.m */; };
		B4A28F731DDAF105009248B3 /* ViewControllerInterceptor.m in Sources */ = {isa = PBXBuildFile; fileRef = B4A28F711DDAF105009248B3 /* ViewControllerInterceptor.m */; };
		B4A28F761DDAF267009248B3 /* Aspects.m in Sources */ = {isa = PBXBuildFile; fileRef = B4A28F751DDAF267009248B3 /* Aspects.m */; };
/* End PBXBuildFile section */

/* Begin PBXContainerItemProxy section */
		B4A28F401DDAD28D009248B3 /* PBXContainerItemProxy */ = {
			isa = PBXContainerItemProxy;
			containerPortal = B4A28F1E1DDAD28D009248B3 /* Project object */;
			proxyType = 1;
			remoteGlobalIDString = B4A28F251DDAD28D009248B3;
			remoteInfo = InterceptorDemo;
		};
		B4A28F4B1DDAD28D009248B3 /* PBXContainerItemProxy */ = {
			isa = PBXContainerItemProxy;
			containerPortal = B4A28F1E1DDAD28D009248B3 /* Project object */;
			proxyType = 1;
			remoteGlobalIDString = B4A28F251DDAD28D009248B3;
			remoteInfo = InterceptorDemo;
		};
/* End PBXContainerItemProxy section */

/* Begin PBXFileReference section */
		B4A28F261DDAD28D009248B3 /* InterceptorDemo.app */ = {isa = PBXFileReference; explicitFileType = wrapper.application; includeInIndex = 0; path = InterceptorDemo.app; sourceTree = BUILT_PRODUCTS_DIR; };
		B4A28F2A1DDAD28D009248B3 /* main.m */ = {isa = PBXFileReference; lastKnownFileType = sourcecode.c.objc; path = main.m; sourceTree = "<group>"; };
		B4A28F2C1DDAD28D009248B3 /* AppDelegate.h */ = {isa = PBXFileReference; lastKnownFileType = sourcecode.c.h; path = AppDelegate.h; sourceTree = "<group>"; };
		B4A28F2D1DDAD28D009248B3 /* AppDelegate.m */ = {isa = PBXFileReference; lastKnownFileType = sourcecode.c.objc; path = AppDelegate.m; sourceTree = "<group>"; };
		B4A28F331DDAD28D009248B3 /* Base */ = {isa = PBXFileReference; lastKnownFileType = file.storyboard; name = Base; path = Base.lproj/Main.storyboard; sourceTree = "<group>"; };
		B4A28F351DDAD28D009248B3 /* Assets.xcassets */ = {isa = PBXFileReference; lastKnownFileType = folder.assetcatalog; path = Assets.xcassets; sourceTree = "<group>"; };
		B4A28F381DDAD28D009248B3 /* Base */ = {isa = PBXFileReference; lastKnownFileType = file.storyboard; name = Base; path = Base.lproj/LaunchScreen.storyboard; sourceTree = "<group>"; };
		B4A28F3A1DDAD28D009248B3 /* Info.plist */ = {isa = PBXFileReference; lastKnownFileType = text.plist.xml; path = Info.plist; sourceTree = "<group>"; };
		B4A28F3F1DDAD28D009248B3 /* InterceptorDemoTests.xctest */ = {isa = PBXFileReference; explicitFileType = wrapper.cfbundle; includeInIndex = 0; path = InterceptorDemoTests.xctest; sourceTree = BUILT_PRODUCTS_DIR; };
		B4A28F431DDAD28D009248B3 /* InterceptorDemoTests.m */ = {isa = PBXFileReference; lastKnownFileType = sourcecode.c.objc; path = InterceptorDemoTests.m; sourceTree = "<group>"; };
		B4A28F451DDAD28D009248B3 /* Info.plist */ = {isa = PBXFileReference; lastKnownFileType = text.plist.xml; path = Info.plist; sourceTree = "<group>"; };
		B4A28F4A1DDAD28D009248B3 /* InterceptorDemoUITests.xctest */ = {isa = PBXFileReference; explicitFileType = wrapper.cfbundle; includeInIndex = 0; path = InterceptorDemoUITests.xctest; sourceTree = BUILT_PRODUCTS_DIR; };
		B4A28F4E1DDAD28D009248B3 /* InterceptorDemoUITests.m */ = {isa = PBXFileReference; lastKnownFileType = sourcecode.c.objc; path = InterceptorDemoUITests.m; sourceTree = "<group>"; };
		B4A28F501DDAD28D009248B3 /* Info.plist */ = {isa = PBXFileReference; lastKnownFileType = text.plist.xml; path = Info.plist; sourceTree = "<group>"; };
		B4A28F651DDAEB41009248B3 /* OtherViewController.h */ = {isa = PBXFileReference; fileEncoding = 4; lastKnownFileType = sourcecode.c.h; path = OtherViewController.h; sourceTree = "<group>"; };
		B4A28F661DDAEB41009248B3 /* OtherViewController.m */ = {isa = PBXFileReference; fileEncoding = 4; lastKnownFileType = sourcecode.c.objc; path = OtherViewController.m; sourceTree = "<group>"; };
		B4A28F681DDAEFA6009248B3 /* FirstViewController.h */ = {isa = PBXFileReference; fileEncoding = 4; lastKnownFileType = sourcecode.c.h; path = FirstViewController.h; sourceTree = "<group>"; };
		B4A28F691DDAEFA6009248B3 /* FirstViewController.m */ = {isa = PBXFileReference; fileEncoding = 4; lastKnownFileType = sourcecode.c.objc; path = FirstViewController.m; sourceTree = "<group>"; };
		B4A28F6A1DDAEFA6009248B3 /* FirstViewController.xib */ = {isa = PBXFileReference; fileEncoding = 4; lastKnownFileType = file.xib; path = FirstViewController.xib; sourceTree = "<group>"; };
		B4A28F6E1DDAF105009248B3 /* UIViewController+Addition.h */ = {isa = PBXFileReference; fileEncoding = 4; lastKnownFileType = sourcecode.c.h; path = "UIViewController+Addition.h"; sourceTree = "<group>"; };
		B4A28F6F1DDAF105009248B3 /* UIViewController+Addition.m */ = {isa = PBXFileReference; fileEncoding = 4; lastKnownFileType = sourcecode.c.objc; path = "UIViewController+Addition.m"; sourceTree = "<group>"; };
		B4A28F701DDAF105009248B3 /* ViewControllerInterceptor.h */ = {isa = PBXFileReference; fileEncoding = 4; lastKnownFileType = sourcecode.c.h; path = ViewControllerInterceptor.h; sourceTree = "<group>"; };
		B4A28F711DDAF105009248B3 /* ViewControllerInterceptor.m */ = {isa = PBXFileReference; fileEncoding = 4; lastKnownFileType = sourcecode.c.objc; path = ViewControllerInterceptor.m; sourceTree = "<group>"; };
		B4A28F741DDAF267009248B3 /* Aspects.h */ = {isa = PBXFileReference; fileEncoding = 4; lastKnownFileType = sourcecode.c.h; path = Aspects.h; sourceTree = "<group>"; };
		B4A28F751DDAF267009248B3 /* Aspects.m */ = {isa = PBXFileReference; fileEncoding = 4; lastKnownFileType = sourcecode.c.objc; path = Aspects.m; sourceTree = "<group>"; };
/* End PBXFileReference section */

/* Begin PBXFrameworksBuildPhase section */
		B4A28F231DDAD28D009248B3 /* Frameworks */ = {
			isa = PBXFrameworksBuildPhase;
			buildActionMask = 2147483647;
			files = (
			);
			runOnlyForDeploymentPostprocessing = 0;
		};
		B4A28F3C1DDAD28D009248B3 /* Frameworks */ = {
			isa = PBXFrameworksBuildPhase;
			buildActionMask = 2147483647;
			files = (
			);
			runOnlyForDeploymentPostprocessing = 0;
		};
		B4A28F471DDAD28D009248B3 /* Frameworks */ = {
			isa = PBXFrameworksBuildPhase;
			buildActionMask = 2147483647;
			files = (
			);
			runOnlyForDeploymentPostprocessing = 0;
		};
/* End PBXFrameworksBuildPhase section */

/* Begin PBXGroup section */
		B4A28F1D1DDAD28D009248B3 = {
			isa = PBXGroup;
			children = (
				B4A28F281DDAD28D009248B3 /* InterceptorDemo */,
				B4A28F421DDAD28D009248B3 /* InterceptorDemoTests */,
				B4A28F4D1DDAD28D009248B3 /* InterceptorDemoUITests */,
				B4A28F271DDAD28D009248B3 /* Products */,
			);
			sourceTree = "<group>";
		};
		B4A28F271DDAD28D009248B3 /* Products */ = {
			isa = PBXGroup;
			children = (
				B4A28F261DDAD28D009248B3 /* InterceptorDemo.app */,
				B4A28F3F1DDAD28D009248B3 /* InterceptorDemoTests.xctest */,
				B4A28F4A1DDAD28D009248B3 /* InterceptorDemoUITests.xctest */,
			);
			name = Products;
			sourceTree = "<group>";
		};
		B4A28F281DDAD28D009248B3 /* InterceptorDemo */ = {
			isa = PBXGroup;
			children = (
				B4A28F6D1DDAF105009248B3 /* Interceptor */,
				B4A28F2C1DDAD28D009248B3 /* AppDelegate.h */,
				B4A28F2D1DDAD28D009248B3 /* AppDelegate.m */,
				B4A28F681DDAEFA6009248B3 /* FirstViewController.h */,
				B4A28F691DDAEFA6009248B3 /* FirstViewController.m */,
				B4A28F6A1DDAEFA6009248B3 /* FirstViewController.xib */,
				B4A28F651DDAEB41009248B3 /* OtherViewController.h */,
				B4A28F661DDAEB41009248B3 /* OtherViewController.m */,
				B4A28F321DDAD28D009248B3 /* Main.storyboard */,
				B4A28F351DDAD28D009248B3 /* Assets.xcassets */,
				B4A28F371DDAD28D009248B3 /* LaunchScreen.storyboard */,
				B4A28F3A1DDAD28D009248B3 /* Info.plist */,
				B4A28F291DDAD28D009248B3 /* Supporting Files */,
			);
			path = InterceptorDemo;
			sourceTree = "<group>";
		};
		B4A28F291DDAD28D009248B3 /* Supporting Files */ = {
			isa = PBXGroup;
			children = (
				B4A28F2A1DDAD28D009248B3 /* main.m */,
			);
			name = "Supporting Files";
			sourceTree = "<group>";
		};
		B4A28F421DDAD28D009248B3 /* InterceptorDemoTests */ = {
			isa = PBXGroup;
			children = (
				B4A28F431DDAD28D009248B3 /* InterceptorDemoTests.m */,
				B4A28F451DDAD28D009248B3 /* Info.plist */,
			);
			path = InterceptorDemoTests;
			sourceTree = "<group>";
		};
		B4A28F4D1DDAD28D009248B3 /* InterceptorDemoUITests */ = {
			isa = PBXGroup;
			children = (
				B4A28F4E1DDAD28D009248B3 /* InterceptorDemoUITests.m */,
				B4A28F501DDAD28D009248B3 /* Info.plist */,
			);
			path = InterceptorDemoUITests;
			sourceTree = "<group>";
		};
		B4A28F6D1DDAF105009248B3 /* Interceptor */ = {
			isa = PBXGroup;
			children = (
				B4A28F741DDAF267009248B3 /* Aspects.h */,
				B4A28F751DDAF267009248B3 /* Aspects.m */,
				B4A28F6E1DDAF105009248B3 /* UIViewController+Addition.h */,
				B4A28F6F1DDAF105009248B3 /* UIViewController+Addition.m */,
				B4A28F701DDAF105009248B3 /* ViewControllerInterceptor.h */,
				B4A28F711DDAF105009248B3 /* ViewControllerInterceptor.m */,
			);
			path = Interceptor;
			sourceTree = "<group>";
		};
/* End PBXGroup section */

/* Begin PBXNativeTarget section */
		B4A28F251DDAD28D009248B3 /* InterceptorDemo */ = {
			isa = PBXNativeTarget;
			buildConfigurationList = B4A28F531DDAD28D009248B3 /* Build configuration list for PBXNativeTarget "InterceptorDemo" */;
			buildPhases = (
				B4A28F221DDAD28D009248B3 /* Sources */,
				B4A28F231DDAD28D009248B3 /* Frameworks */,
				B4A28F241DDAD28D009248B3 /* Resources */,
			);
			buildRules = (
			);
			dependencies = (
			);
			name = InterceptorDemo;
			productName = InterceptorDemo;
			productReference = B4A28F261DDAD28D009248B3 /* InterceptorDemo.app */;
			productType = "com.apple.product-type.application";
		};
		B4A28F3E1DDAD28D009248B3 /* InterceptorDemoTests */ = {
			isa = PBXNativeTarget;
			buildConfigurationList = B4A28F561DDAD28D009248B3 /* Build configuration list for PBXNativeTarget "InterceptorDemoTests" */;
			buildPhases = (
				B4A28F3B1DDAD28D009248B3 /* Sources */,
				B4A28F3C1DDAD28D009248B3 /* Frameworks */,
				B4A28F3D1DDAD28D009248B3 /* Resources */,
			);
			buildRules = (
			);
			dependencies = (
				B4A28F411DDAD28D009248B3 /* PBXTargetDependency */,
			);
			name = InterceptorDemoTests;
			productName = InterceptorDemoTests;
			productReference = B4A28F3F1DDAD28D009248B3 /* InterceptorDemoTests.xctest */;
			productType = "com.apple.product-type.bundle.unit-test";
		};
		B4A28F491DDAD28D009248B3 /* InterceptorDemoUITests */ = {
			isa = PBXNativeTarget;
			buildConfigurationList = B4A28F591DDAD28D009248B3 /* Build configuration list for PBXNativeTarget "InterceptorDemoUITests" */;
			buildPhases = (
				B4A28F461DDAD28D009248B3 /* Sources */,
				B4A28F471DDAD28D009248B3 /* Frameworks */,
				B4A28F481DDAD28D009248B3 /* Resources */,
			);
			buildRules = (
			);
			dependencies = (
				B4A28F4C1DDAD28D009248B3 /* PBXTargetDependency */,
			);
			name = InterceptorDemoUITests;
			productName = InterceptorDemoUITests;
			productReference = B4A28F4A1DDAD28D009248B3 /* InterceptorDemoUITests.xctest */;
			productType = "com.apple.product-type.bundle.ui-testing";
		};
/* End PBXNativeTarget section */

/* Begin PBXProject section */
		B4A28F1E1DDAD28D009248B3 /* Project object */ = {
			isa = PBXProject;
			attributes = {
				LastUpgradeCheck = 0800;
				ORGANIZATIONNAME = dengyonghao;
				TargetAttributes = {
					B4A28F251DDAD28D009248B3 = {
						CreatedOnToolsVersion = 8.0;
						ProvisioningStyle = Automatic;
					};
					B4A28F3E1DDAD28D009248B3 = {
						CreatedOnToolsVersion = 8.0;
						ProvisioningStyle = Automatic;
						TestTargetID = B4A28F251DDAD28D009248B3;
					};
					B4A28F491DDAD28D009248B3 = {
						CreatedOnToolsVersion = 8.0;
						ProvisioningStyle = Automatic;
						TestTargetID = B4A28F251DDAD28D009248B3;
					};
				};
			};
			buildConfigurationList = B4A28F211DDAD28D009248B3 /* Build configuration list for PBXProject "InterceptorDemo" */;
			compatibilityVersion = "Xcode 3.2";
			developmentRegion = English;
			hasScannedForEncodings = 0;
			knownRegions = (
				en,
				Base,
			);
			mainGroup = B4A28F1D1DDAD28D009248B3;
			productRefGroup = B4A28F271DDAD28D009248B3 /* Products */;
			projectDirPath = "";
			projectRoot = "";
			targets = (
				B4A28F251DDAD28D009248B3 /* InterceptorDemo */,
				B4A28F3E1DDAD28D009248B3 /* InterceptorDemoTests */,
				B4A28F491DDAD28D009248B3 /* InterceptorDemoUITests */,
			);
		};
/* End PBXProject section */

/* Begin PBXResourcesBuildPhase section */
		B4A28F241DDAD28D009248B3 /* Resources */ = {
			isa = PBXResourcesBuildPhase;
			buildActionMask = 2147483647;
			files = (
				B4A28F391DDAD28D009248B3 /* LaunchScreen.storyboard in Resources */,
				B4A28F361DDAD28D009248B3 /* Assets.xcassets in Resources */,
				B4A28F341DDAD28D009248B3 /* Main.storyboard in Resources */,
				B4A28F6C1DDAEFA6009248B3 /* FirstViewController.xib in Resources */,
			);
			runOnlyForDeploymentPostprocessing = 0;
		};
		B4A28F3D1DDAD28D009248B3 /* Resources */ = {
			isa = PBXResourcesBuildPhase;
			buildActionMask = 2147483647;
			files = (
			);
			runOnlyForDeploymentPostprocessing = 0;
		};
		B4A28F481DDAD28D009248B3 /* Resources */ = {
			isa = PBXResourcesBuildPhase;
			buildActionMask = 2147483647;
			files = (
			);
			runOnlyForDeploymentPostprocessing = 0;
		};
/* End PBXResourcesBuildPhase section */

/* Begin PBXSourcesBuildPhase section */
		B4A28F221DDAD28D009248B3 /* Sources */ = {
			isa = PBXSourcesBuildPhase;
			buildActionMask = 2147483647;
			files = (
				B4A28F2E1DDAD28D009248B3 /* AppDelegate.m in Sources */,
				B4A28F761DDAF267009248B3 /* Aspects.m in Sources */,
				B4A28F731DDAF105009248B3 /* ViewControllerInterceptor.m in Sources */,
				B4A28F2B1DDAD28D009248B3 /* main.m in Sources */,
				B4A28F671DDAEB41009248B3 /* OtherViewController.m in Sources */,
				B4A28F721DDAF105009248B3 /* UIViewController+Addition.m in Sources */,
				B4A28F6B1DDAEFA6009248B3 /* FirstViewController.m in Sources */,
			);
			runOnlyForDeploymentPostprocessing = 0;
		};
		B4A28F3B1DDAD28D009248B3 /* Sources */ = {
			isa = PBXSourcesBuildPhase;
			buildActionMask = 2147483647;
			files = (
				B4A28F441DDAD28D009248B3 /* InterceptorDemoTests.m in Sources */,
			);
			runOnlyForDeploymentPostprocessing = 0;
		};
		B4A28F461DDAD28D009248B3 /* Sources */ = {
			isa = PBXSourcesBuildPhase;
			buildActionMask = 2147483647;
			files = (
				B4A28F4F1DDAD28D009248B3 /* InterceptorDemoUITests.m in Sources */,
			);
			runOnlyForDeploymentPostprocessing = 0;
		};
/* End PBXSourcesBuildPhase section */

/* Begin PBXTargetDependency section */
		B4A28F411DDAD28D009248B3 /* PBXTargetDependency */ = {
			isa = PBXTargetDependency;
			target = B4A28F251DDAD28D009248B3 /* InterceptorDemo */;
			targetProxy = B4A28F401DDAD28D009248B3 /* PBXContainerItemProxy */;
		};
		B4A28F4C1DDAD28D009248B3 /* PBXTargetDependency */ = {
			isa = PBXTargetDependency;
			target = B4A28F251DDAD28D009248B3 /* InterceptorDemo */;
			targetProxy = B4A28F4B1DDAD28D009248B3 /* PBXContainerItemProxy */;
		};
/* End PBXTargetDependency section */

/* Begin PBXVariantGroup section */
		B4A28F321DDAD28D009248B3 /* Main.storyboard */ = {
			isa = PBXVariantGroup;
			children = (
				B4A28F331DDAD28D009248B3 /* Base */,
			);
			name = Main.storyboard;
			sourceTree = "<group>";
		};
		B4A28F371DDAD28D009248B3 /* LaunchScreen.storyboard */ = {
			isa = PBXVariantGroup;
			children = (
				B4A28F381DDAD28D009248B3 /* Base */,
			);
			name = LaunchScreen.storyboard;
			sourceTree = "<group>";
		};
/* End PBXVariantGroup section */

/* Begin XCBuildConfiguration section */
		B4A28F511DDAD28D009248B3 /* Debug */ = {
			isa = XCBuildConfiguration;
			buildSettings = {
				ALWAYS_SEARCH_USER_PATHS = NO;
				CLANG_ANALYZER_NONNULL = YES;
				CLANG_CXX_LANGUAGE_STANDARD = "gnu++0x";
				CLANG_CXX_LIBRARY = "libc++";
				CLANG_ENABLE_MODULES = YES;
				CLANG_ENABLE_OBJC_ARC = YES;
				CLANG_WARN_BOOL_CONVERSION = YES;
				CLANG_WARN_CONSTANT_CONVERSION = YES;
				CLANG_WARN_DIRECT_OBJC_ISA_USAGE = YES_ERROR;
				CLANG_WARN_DOCUMENTATION_COMMENTS = YES;
				CLANG_WARN_EMPTY_BODY = YES;
				CLANG_WARN_ENUM_CONVERSION = YES;
				CLANG_WARN_INFINITE_RECURSION = YES;
				CLANG_WARN_INT_CONVERSION = YES;
				CLANG_WARN_OBJC_ROOT_CLASS = YES_ERROR;
				CLANG_WARN_SUSPICIOUS_MOVES = YES;
				CLANG_WARN_UNREACHABLE_CODE = YES;
				CLANG_WARN__DUPLICATE_METHOD_MATCH = YES;
				"CODE_SIGN_IDENTITY[sdk=iphoneos*]" = "iPhone Developer";
				COPY_PHASE_STRIP = NO;
				DEBUG_INFORMATION_FORMAT = dwarf;
				ENABLE_STRICT_OBJC_MSGSEND = YES;
				ENABLE_TESTABILITY = YES;
				GCC_C_LANGUAGE_STANDARD = gnu99;
				GCC_DYNAMIC_NO_PIC = NO;
				GCC_NO_COMMON_BLOCKS = YES;
				GCC_OPTIMIZATION_LEVEL = 0;
				GCC_PREPROCESSOR_DEFINITIONS = (
					"DEBUG=1",
					"$(inherited)",
				);
				GCC_WARN_64_TO_32_BIT_CONVERSION = YES;
				GCC_WARN_ABOUT_RETURN_TYPE = YES_ERROR;
				GCC_WARN_UNDECLARED_SELECTOR = YES;
				GCC_WARN_UNINITIALIZED_AUTOS = YES_AGGRESSIVE;
				GCC_WARN_UNUSED_FUNCTION = YES;
				GCC_WARN_UNUSED_VARIABLE = YES;
				IPHONEOS_DEPLOYMENT_TARGET = 10.0;
				MTL_ENABLE_DEBUG_INFO = YES;
				ONLY_ACTIVE_ARCH = YES;
				SDKROOT = iphoneos;
			};
			name = Debug;
		};
		B4A28F521DDAD28D009248B3 /* Release */ = {
			isa = XCBuildConfiguration;
			buildSettings = {
				ALWAYS_SEARCH_USER_PATHS = NO;
				CLANG_ANALYZER_NONNULL = YES;
				CLANG_CXX_LANGUAGE_STANDARD = "gnu++0x";
				CLANG_CXX_LIBRARY = "libc++";
				CLANG_ENABLE_MODULES = YES;
				CLANG_ENABLE_OBJC_ARC = YES;
				CLANG_WARN_BOOL_CONVERSION = YES;
				CLANG_WARN_CONSTANT_CONVERSION = YES;
				CLANG_WARN_DIRECT_OBJC_ISA_USAGE = YES_ERROR;
				CLANG_WARN_DOCUMENTATION_COMMENTS = YES;
				CLANG_WARN_EMPTY_BODY = YES;
				CLANG_WARN_ENUM_CONVERSION = YES;
				CLANG_WARN_INFINITE_RECURSION = YES;
				CLANG_WARN_INT_CONVERSION = YES;
				CLANG_WARN_OBJC_ROOT_CLASS = YES_ERROR;
				CLANG_WARN_SUSPICIOUS_MOVES = YES;
				CLANG_WARN_UNREACHABLE_CODE = YES;
				CLANG_WARN__DUPLICATE_METHOD_MATCH = YES;
				"CODE_SIGN_IDENTITY[sdk=iphoneos*]" = "iPhone Developer";
				COPY_PHASE_STRIP = NO;
				DEBUG_INFORMATION_FORMAT = "dwarf-with-dsym";
				ENABLE_NS_ASSERTIONS = NO;
				ENABLE_STRICT_OBJC_MSGSEND = YES;
				GCC_C_LANGUAGE_STANDARD = gnu99;
				GCC_NO_COMMON_BLOCKS = YES;
				GCC_WARN_64_TO_32_BIT_CONVERSION = YES;
				GCC_WARN_ABOUT_RETURN_TYPE = YES_ERROR;
				GCC_WARN_UNDECLARED_SELECTOR = YES;
				GCC_WARN_UNINITIALIZED_AUTOS = YES_AGGRESSIVE;
				GCC_WARN_UNUSED_FUNCTION = YES;
				GCC_WARN_UNUSED_VARIABLE = YES;
				IPHONEOS_DEPLOYMENT_TARGET = 10.0;
				MTL_ENABLE_DEBUG_INFO = NO;
				SDKROOT = iphoneos;
				VALIDATE_PRODUCT = YES;
			};
			name = Release;
		};
		B4A28F541DDAD28D009248B3 /* Debug */ = {
			isa = XCBuildConfiguration;
			buildSettings = {
				ASSETCATALOG_COMPILER_APPICON_NAME = AppIcon;
				INFOPLIST_FILE = InterceptorDemo/Info.plist;
				LD_RUNPATH_SEARCH_PATHS = "$(inherited) @executable_path/Frameworks";
				PRODUCT_BUNDLE_IDENTIFIER = com.dengyonghao.InterceptorDemo;
				PRODUCT_NAME = "$(TARGET_NAME)";
			};
			name = Debug;
		};
		B4A28F551DDAD28D009248B3 /* Release */ = {
			isa = XCBuildConfiguration;
			buildSettings = {
				ASSETCATALOG_COMPILER_APPICON_NAME = AppIcon;
				INFOPLIST_FILE = InterceptorDemo/Info.plist;
				LD_RUNPATH_SEARCH_PATHS = "$(inherited) @executable_path/Frameworks";
				PRODUCT_BUNDLE_IDENTIFIER = com.dengyonghao.InterceptorDemo;
				PRODUCT_NAME = "$(TARGET_NAME)";
			};
			name = Release;
		};
		B4A28F571DDAD28D009248B3 /* Debug */ = {
			isa = XCBuildConfiguration;
			buildSettings = {
				BUNDLE_LOADER = "$(TEST_HOST)";
				INFOPLIST_FILE = InterceptorDemoTests/Info.plist;
				LD_RUNPATH_SEARCH_PATHS = "$(inherited) @executable_path/Frameworks @loader_path/Frameworks";
				PRODUCT_BUNDLE_IDENTIFIER = com.dengyonghao.InterceptorDemoTests;
				PRODUCT_NAME = "$(TARGET_NAME)";
				TEST_HOST = "$(BUILT_PRODUCTS_DIR)/InterceptorDemo.app/InterceptorDemo";
			};
			name = Debug;
		};
		B4A28F581DDAD28D009248B3 /* Release */ = {
			isa = XCBuildConfiguration;
			buildSettings = {
				BUNDLE_LOADER = "$(TEST_HOST)";
				INFOPLIST_FILE = InterceptorDemoTests/Info.plist;
				LD_RUNPATH_SEARCH_PATHS = "$(inherited) @executable_path/Frameworks @loader_path/Frameworks";
				PRODUCT_BUNDLE_IDENTIFIER = com.dengyonghao.InterceptorDemoTests;
				PRODUCT_NAME = "$(TARGET_NAME)";
				TEST_HOST = "$(BUILT_PRODUCTS_DIR)/InterceptorDemo.app/InterceptorDemo";
			};
			name = Release;
		};
		B4A28F5A1DDAD28D009248B3 /* Debug */ = {
			isa = XCBuildConfiguration;
			buildSettings = {
				INFOPLIST_FILE = InterceptorDemoUITests/Info.plist;
				LD_RUNPATH_SEARCH_PATHS = "$(inherited) @executable_path/Frameworks @loader_path/Frameworks";
				PRODUCT_BUNDLE_IDENTIFIER = com.dengyonghao.InterceptorDemoUITests;
				PRODUCT_NAME = "$(TARGET_NAME)";
				TEST_TARGET_NAME = InterceptorDemo;
			};
			name = Debug;
		};
		B4A28F5B1DDAD28D009248B3 /* Release */ = {
			isa = XCBuildConfiguration;
			buildSettings = {
				INFOPLIST_FILE = InterceptorDemoUITests/Info.plist;
				LD_RUNPATH_SEARCH_PATHS = "$(inherited) @executable_path/Frameworks @loader_path/Frameworks";
				PRODUCT_BUNDLE_IDENTIFIER = com.dengyonghao.InterceptorDemoUITests;
				PRODUCT_NAME = "$(TARGET_NAME)";
				TEST_TARGET_NAME = InterceptorDemo;
			};
			name = Release;
		};
/* End XCBuildConfiguration section */

/* Begin XCConfigurationList section */
		B4A28F211DDAD28D009248B3 /* Build configuration list for PBXProject "InterceptorDemo" */ = {
			isa = XCConfigurationList;
			buildConfigurations = (
				B4A28F511DDAD28D009248B3 /* Debug */,
				B4A28F521DDAD28D009248B3 /* Release */,
			);
			defaultConfigurationIsVisible = 0;
			defaultConfigurationName = Release;
		};
		B4A28F531DDAD28D009248B3 /* Build configuration list for PBXNativeTarget "InterceptorDemo" */ = {
			isa = XCConfigurationList;
			buildConfigurations = (
				B4A28F541DDAD28D009248B3 /* Debug */,
				B4A28F551DDAD28D009248B3 /* Release */,
			);
			defaultConfigurationIsVisible = 0;
		};
		B4A28F561DDAD28D009248B3 /* Build configuration list for PBXNativeTarget "InterceptorDemoTests" */ = {
			isa = XCConfigurationList;
			buildConfigurations = (
				B4A28F571DDAD28D009248B3 /* Debug */,
				B4A28F581DDAD28D009248B3 /* Release */,
			);
			defaultConfigurationIsVisible = 0;
		};
		B4A28F591DDAD28D009248B3 /* Build configuration list for PBXNativeTarget "InterceptorDemoUITests" */ = {
			isa = XCConfigurationList;
			buildConfigurations = (
				B4A28F5A1DDAD28D009248B3 /* Debug */,
				B4A28F5B1DDAD28D009248B3 /* Release */,
			);
			defaultConfigurationIsVisible = 0;
		};
/* End XCConfigurationList section */
	};
	rootObject = B4A28F1E1DDAD28D009248B3 /* Project object */;
}
